<?xml version="1.0" encoding="utf-8"?>
<Project ToolsVersion="4.0" xmlns="http://schemas.microsoft.com/developer/msbuild/2003">
  <ItemGroup>
    <ClCompile Include="dhCameraScript.cpp">
      <Filter>Contents\Script</Filter>
    </ClCompile>
    <ClCompile Include="dhGridScript.cpp">
      <Filter>Contents\Script</Filter>
    </ClCompile>
    <ClCompile Include="dhBossOneScene.cpp">
      <Filter>Contents\Scene</Filter>
    </ClCompile>
    <ClCompile Include="dhBossTwoScene.cpp">
      <Filter>Contents\Scene</Filter>
    </ClCompile>
    <ClCompile Include="dhEndScene.cpp">
      <Filter>Contents\Scene</Filter>
    </ClCompile>
    <ClCompile Include="dhLogoScene.cpp">
      <Filter>Contents\Scene</Filter>
    </ClCompile>
    <ClCompile Include="dhMapScene.cpp">
      <Filter>Contents\Scene</Filter>
    </ClCompile>
    <ClCompile Include="dhTitleScene.cpp">
      <Filter>Contents\Scene</Filter>
    </ClCompile>
    <ClCompile Include="dhStartScene.cpp">
      <Filter>Contents\Scene</Filter>
    </ClCompile>
    <ClCompile Include="dhWinScene.cpp">
      <Filter>Contents\Scene</Filter>
    </ClCompile>
    <ClCompile Include="dhPlayerScript.cpp">
      <Filter>Contents\Script\Player</Filter>
    </ClCompile>
    <ClCompile Include="dhPlayerWorldScript.cpp">
      <Filter>Contents\Script\Player</Filter>
    </ClCompile>
    <ClCompile Include="dhPlayerBossScript.cpp">
      <Filter>Contents\Script\Player</Filter>
    </ClCompile>
    <ClCompile Include="YamYamEngine.cpp">
      <Filter>Contents</Filter>
    </ClCompile>
    <ClCompile Include="dhGroundScript.cpp">
      <Filter>Contents\Script</Filter>
    </ClCompile>
    <ClCompile Include="dhCagneyBossScript.cpp">
      <Filter>Contents\Script\Boss\CargneyCarnation</Filter>
    </ClCompile>
    <ClCompile Include="dhPlayerBullet.cpp">
      <Filter>Contents\Script\Player</Filter>
    </ClCompile>
    <ClCompile Include="dhVineOneScript.cpp">
      <Filter>Contents\Script\Boss\CargneyCarnation</Filter>
    </ClCompile>
    <ClCompile Include="dhvineMainScript.cpp">
      <Filter>Contents\Script\Boss\CargneyCarnation</Filter>
    </ClCompile>
  </ItemGroup>
  <ItemGroup>
    <ClInclude Include="framework.h" />
    <ClInclude Include="dhCameraScript.h">
      <Filter>Contents\Script</Filter>
    </ClInclude>
    <ClInclude Include="LoadScenes.h">
      <Filter>Contents\Load</Filter>
    </ClInclude>
    <ClInclude Include="dhGridScript.h">
      <Filter>Contents\Script</Filter>
    </ClInclude>
    <ClInclude Include="dhBossOneScene.h">
      <Filter>Contents\Scene</Filter>
    </ClInclude>
    <ClInclude Include="dhBossTwoScene.h">
      <Filter>Contents\Scene</Filter>
    </ClInclude>
    <ClInclude Include="dhEndScene.h">
      <Filter>Contents\Scene</Filter>
    </ClInclude>
    <ClInclude Include="dhLogoScene.h">
      <Filter>Contents\Scene</Filter>
    </ClInclude>
    <ClInclude Include="dhMapScene.h">
      <Filter>Contents\Scene</Filter>
    </ClInclude>
    <ClInclude Include="dhTitleScene.h">
      <Filter>Contents\Scene</Filter>
    </ClInclude>
    <ClInclude Include="dhStartScene.h">
      <Filter>Contents\Scene</Filter>
    </ClInclude>
    <ClInclude Include="dhWinScene.h">
      <Filter>Contents\Scene</Filter>
    </ClInclude>
    <ClInclude Include="dhPlayerScript.h">
      <Filter>Contents\Script\Player</Filter>
    </ClInclude>
    <ClInclude Include="dhPlayerWorldScript.h">
      <Filter>Contents\Script\Player</Filter>
    </ClInclude>
    <ClInclude Include="dhPlayerBossScript.h">
      <Filter>Contents\Script\Player</Filter>
    </ClInclude>
    <ClInclude Include="dhGroundScript.h">
      <Filter>Contents\Script</Filter>
    </ClInclude>
    <ClInclude Include="dhCagneyBossScript.h">
      <Filter>Contents\Script\Boss\CargneyCarnation</Filter>
    </ClInclude>
    <ClInclude Include="dhPlayerBullet.h">
      <Filter>Contents\Script\Player</Filter>
    </ClInclude>
    <ClInclude Include="dhVineOneScript.h">
      <Filter>Contents\Script\Boss\CargneyCarnation</Filter>
    </ClInclude>
    <ClInclude Include="dhvineMainScript.h">
      <Filter>Contents\Script\Boss\CargneyCarnation</Filter>
    </ClInclude>
  </ItemGroup>
  <ItemGroup>
    <Filter Include="Contents">
      <UniqueIdentifier>{ed010504-6671-4ca5-864f-b9f58051cb28}</UniqueIdentifier>
    </Filter>
    <Filter Include="Contents\Load">
      <UniqueIdentifier>{2cfadb9c-f8c6-41fd-9846-5e6bd4b50b79}</UniqueIdentifier>
    </Filter>
    <Filter Include="Contents\Scene">
      <UniqueIdentifier>{d0a60e39-82c2-4819-9931-93e5a2d9e021}</UniqueIdentifier>
    </Filter>
    <Filter Include="Contents\Script">
      <UniqueIdentifier>{02a6d4b6-df18-4b04-b5c4-bf97bbaba9ec}</UniqueIdentifier>
    </Filter>
    <Filter Include="Contents\Script\Player">
      <UniqueIdentifier>{cff8896c-4b12-46ac-8df6-726e1bfaa67a}</UniqueIdentifier>
    </Filter>
    <Filter Include="Contents\Script\Boss">
      <UniqueIdentifier>{35165448-5380-40f4-a5ba-2189039b0c3f}</UniqueIdentifier>
    </Filter>
    <Filter Include="Contents\Script\Boss\CargneyCarnation">
      <UniqueIdentifier>{99764f20-c0f6-4dde-90ae-1645a7b98841}</UniqueIdentifier>
    </Filter>
  </ItemGroup>
</Project>